{
  "name": "test",
  "version": "1.0.0",
  "lockfileVersion": 3,
  "requires": true,
  "packages": {
    "": {
      "name": "test",
      "version": "1.0.0"
    },
    "node_modules/.pnpm/argparse@2.0.1/node_modules/argparse": {
      "version": "2.0.1",
      "extraneous": true,
      "license": "Python-2.0",
      "devDependencies": {
        "@babel/eslint-parser": "^7.11.0",
        "@babel/plugin-syntax-class-properties": "^7.10.4",
        "eslint": "^7.5.0",
        "mocha": "^8.0.1",
        "nyc": "^15.1.0"
      }
    },
    "node_modules/.pnpm/js-yaml@4.1.0": {
      "extraneous": true
    }
  }
}
